
Microsoft Visual Studio Solution File, Format Version 12.00
# Visual Studio 14
VisualStudioVersion = 14.0.24720.0
MinimumVisualStudioVersion = 10.0.40219.1
Project("{888888A0-9F3D-457C-B088-3A5042F75D52}") = "crawler_ioi_dc", "crawler_ioi_dc\crawler_ioi_dc.pyproj", "{DC7DE52E-44BA-4B94-BCA0-D33EF44DEA46}"
EndProject
Global
	GlobalSection(SolutionConfigurationPlatforms) = preSolution
		Debug|Any CPU = Debug|Any CPU
		Release|Any CPU = Release|Any CPU
	EndGlobalSection
	GlobalSection(ProjectConfigurationPlatforms) = postSolution
		{DC7DE52E-44BA-4B94-BCA0-D33EF44DEA46}.Debug|Any CPU.ActiveCfg = Debug|Any CPU
		{DC7DE52E-44BA-4B94-BCA0-D33EF44DEA46}.Release|Any CPU.ActiveCfg = Release|Any CPU
	EndGlobalSection
	GlobalSection(SolutionProperties) = preSolution
		HideSolutionNode = FALSE
	EndGlobalSection
EndGlobal
